// !$*UTF8*$!
{
	archiveVersion = 1;
	classes = {
	};
	objectVersion = 50;
	objects = {

/* Begin PBXBuildFile section */
		4C006A812493E22A007A5D59 /* AppDelegate.swift in Sources */ = {isa = PBXBuildFile; fileRef = 4C006A802493E22A007A5D59 /* AppDelegate.swift */; };
		4C006A832493E22A007A5D59 /* SceneDelegate.swift in Sources */ = {isa = PBXBuildFile; fileRef = 4C006A822493E22A007A5D59 /* SceneDelegate.swift */; };
		4C006A852493E22A007A5D59 /* EmojiArtDocumentView.swift in Sources */ = {isa = PBXBuildFile; fileRef = 4C006A842493E22A007A5D59 /* EmojiArtDocumentView.swift */; };
		4C006A872493E22C007A5D59 /* Assets.xcassets in Resources */ = {isa = PBXBuildFile; fileRef = 4C006A862493E22C007A5D59 /* Assets.xcassets */; };
		4C006A8A2493E22C007A5D59 /* Preview Assets.xcassets in Resources */ = {isa = PBXBuildFile; fileRef = 4C006A892493E22C007A5D59 /* Preview Assets.xcassets */; };
		4C006A8D2493E22C007A5D59 /* LaunchScreen.storyboard in Resources */ = {isa = PBXBuildFile; fileRef = 4C006A8B2493E22C007A5D59 /* LaunchScreen.storyboard */; };
		4C006A952493E861007A5D59 /* EmojiArtDocument.swift in Sources */ = {isa = PBXBuildFile; fileRef = 4C006A942493E861007A5D59 /* EmojiArtDocument.swift */; };
		4C006A9724942598007A5D59 /* EmojiArt.swift in Sources */ = {isa = PBXBuildFile; fileRef = 4C006A9624942598007A5D59 /* EmojiArt.swift */; };
		4CAA048924947AD9002BCA7B /* EmojiArtExtensions.swift in Sources */ = {isa = PBXBuildFile; fileRef = 4CAA048824947AD9002BCA7B /* EmojiArtExtensions.swift */; };
		4CD980172498172600E724C6 /* OptionalImage.swift in Sources */ = {isa = PBXBuildFile; fileRef = 4CD980162498172600E724C6 /* OptionalImage.swift */; };
		4CD9801924981CEE00E724C6 /* AnimatableSystemFontModifier.swift in Sources */ = {isa = PBXBuildFile; fileRef = 4CD9801824981CEE00E724C6 /* AnimatableSystemFontModifier.swift */; };
/* End PBXBuildFile section */

/* Begin PBXFileReference section */
		4C006A7D2493E22A007A5D59 /* EmojiArt.app */ = {isa = PBXFileReference; explicitFileType = wrapper.application; includeInIndex = 0; path = EmojiArt.app; sourceTree = BUILT_PRODUCTS_DIR; };
		4C006A802493E22A007A5D59 /* AppDelegate.swift */ = {isa = PBXFileReference; lastKnownFileType = sourcecode.swift; path = AppDelegate.swift; sourceTree = "<group>"; };
		4C006A822493E22A007A5D59 /* SceneDelegate.swift */ = {isa = PBXFileReference; lastKnownFileType = sourcecode.swift; path = SceneDelegate.swift; sourceTree = "<group>"; };
		4C006A842493E22A007A5D59 /* EmojiArtDocumentView.swift */ = {isa = PBXFileReference; lastKnownFileType = sourcecode.swift; path = EmojiArtDocumentView.swift; sourceTree = "<group>"; };
		4C006A862493E22C007A5D59 /* Assets.xcassets */ = {isa = PBXFileReference; lastKnownFileType = folder.assetcatalog; path = Assets.xcassets; sourceTree = "<group>"; };
		4C006A892493E22C007A5D59 /* Preview Assets.xcassets */ = {isa = PBXFileReference; lastKnownFileType = folder.assetcatalog; path = "Preview Assets.xcassets"; sourceTree = "<group>"; };
		4C006A8C2493E22C007A5D59 /* Base */ = {isa = PBXFileReference; lastKnownFileType = file.storyboard; name = Base; path = Base.lproj/LaunchScreen.storyboard; sourceTree = "<group>"; };
		4C006A8E2493E22C007A5D59 /* Info.plist */ = {isa = PBXFileReference; lastKnownFileType = text.plist.xml; path = Info.plist; sourceTree = "<group>"; };
		4C006A942493E861007A5D59 /* EmojiArtDocument.swift */ = {isa = PBXFileReference; lastKnownFileType = sourcecode.swift; path = EmojiArtDocument.swift; sourceTree = SOURCE_ROOT; };
		4C006A9624942598007A5D59 /* EmojiArt.swift */ = {isa = PBXFileReference; lastKnownFileType = sourcecode.swift; path = EmojiArt.swift; sourceTree = "<group>"; };
		4CAA048824947AD9002BCA7B /* EmojiArtExtensions.swift */ = {isa = PBXFileReference; fileEncoding = 4; lastKnownFileType = sourcecode.swift; path = EmojiArtExtensions.swift; sourceTree = "<group>"; };
		4CD980162498172600E724C6 /* OptionalImage.swift */ = {isa = PBXFileReference; lastKnownFileType = sourcecode.swift; path = OptionalImage.swift; sourceTree = "<group>"; };
		4CD9801824981CEE00E724C6 /* AnimatableSystemFontModifier.swift */ = {isa = PBXFileReference; fileEncoding = 4; lastKnownFileType = sourcecode.swift; path = AnimatableSystemFontModifier.swift; sourceTree = "<group>"; };
/* End PBXFileReference section */

/* Begin PBXFrameworksBuildPhase section */
		4C006A7A2493E22A007A5D59 /* Frameworks */ = {
			isa = PBXFrameworksBuildPhase;
			buildActionMask = 2147483647;
			files = (
			);
			runOnlyForDeploymentPostprocessing = 0;
		};
/* End PBXFrameworksBuildPhase section */

/* Begin PBXGroup section */
		4C006A742493E22A007A5D59 = {
			isa = PBXGroup;
			children = (
				4C006A7F2493E22A007A5D59 /* EmojiArt */,
				4C006A7E2493E22A007A5D59 /* Products */,
			);
			sourceTree = "<group>";
		};
		4C006A7E2493E22A007A5D59 /* Products */ = {
			isa = PBXGroup;
			children = (
				4C006A7D2493E22A007A5D59 /* EmojiArt.app */,
			);
			name = Products;
			sourceTree = "<group>";
		};
		4C006A7F2493E22A007A5D59 /* EmojiArt */ = {
			isa = PBXGroup;
			children = (
				4C006A9624942598007A5D59 /* EmojiArt.swift */,
				4C006A942493E861007A5D59 /* EmojiArtDocument.swift */,
				4C006A842493E22A007A5D59 /* EmojiArtDocumentView.swift */,
				4CD980162498172600E724C6 /* OptionalImage.swift */,
				4CD9801824981CEE00E724C6 /* AnimatableSystemFontModifier.swift */,
				4C006A802493E22A007A5D59 /* AppDelegate.swift */,
				4C006A822493E22A007A5D59 /* SceneDelegate.swift */,
				4CAA048824947AD9002BCA7B /* EmojiArtExtensions.swift */,
				4C006A862493E22C007A5D59 /* Assets.xcassets */,
				4C006A8B2493E22C007A5D59 /* LaunchScreen.storyboard */,
				4C006A8E2493E22C007A5D59 /* Info.plist */,
				4C006A882493E22C007A5D59 /* Preview Content */,
			);
			path = EmojiArt;
			sourceTree = "<group>";
		};
		4C006A882493E22C007A5D59 /* Preview Content */ = {
			isa = PBXGroup;
			children = (
				4C006A892493E22C007A5D59 /* Preview Assets.xcassets */,
			);
			path = "Preview Content";
			sourceTree = "<group>";
		};
/* End PBXGroup section */

/* Begin PBXNativeTarget section */
		4C006A7C2493E22A007A5D59 /* EmojiArt */ = {
			isa = PBXNativeTarget;
			buildConfigurationList = 4C006A912493E22C007A5D59 /* Build configuration list for PBXNativeTarget "EmojiArt" */;
			buildPhases = (
				4C006A792493E22A007A5D59 /* Sources */,
				4C006A7A2493E22A007A5D59 /* Frameworks */,
				4C006A7B2493E22A007A5D59 /* Resources */,
			);
			buildRules = (
			);
			dependencies = (
			);
			name = EmojiArt;
			productName = EmojiArt;
			productReference = 4C006A7D2493E22A007A5D59 /* EmojiArt.app */;
			productType = "com.apple.product-type.application";
		};
/* End PBXNativeTarget section */

/* Begin PBXProject section */
		4C006A752493E22A007A5D59 /* Project object */ = {
			isa = PBXProject;
			attributes = {
				LastSwiftUpdateCheck = 1150;
				LastUpgradeCheck = 1150;
				ORGANIZATIONNAME = "Barry Martin";
				TargetAttributes = {
					4C006A7C2493E22A007A5D59 = {
						CreatedOnToolsVersion = 11.5;
					};
				};
			};
			buildConfigurationList = 4C006A782493E22A007A5D59 /* Build configuration list for PBXProject "EmojiArt" */;
			compatibilityVersion = "Xcode 9.3";
			developmentRegion = en;
			hasScannedForEncodings = 0;
			knownRegions = (
				en,
				Base,
			);
			mainGroup = 4C006A742493E22A007A5D59;
			productRefGroup = 4C006A7E2493E22A007A5D59 /* Products */;
			projectDirPath = "";
			projectRoot = "";
			targets = (
				4C006A7C2493E22A007A5D59 /* EmojiArt */,
			);
		};
/* End PBXProject section */

/* Begin PBXResourcesBuildPhase section */
		4C006A7B2493E22A007A5D59 /* Resources */ = {
			isa = PBXResourcesBuildPhase;
			buildActionMask = 2147483647;
			files = (
				4C006A8D2493E22C007A5D59 /* LaunchScreen.storyboard in Resources */,
				4C006A8A2493E22C007A5D59 /* Preview Assets.xcassets in Resources */,
				4C006A872493E22C007A5D59 /* Assets.xcassets in Resources */,
			);
			runOnlyForDeploymentPostprocessing = 0;
		};
/* End PBXResourcesBuildPhase section */

/* Begin PBXSourcesBuildPhase section */
		4C006A792493E22A007A5D59 /* Sources */ = {
			isa = PBXSourcesBuildPhase;
			buildActionMask = 2147483647;
			files = (
				4C006A812493E22A007A5D59 /* AppDelegate.swift in Sources */,
				4C006A832493E22A007A5D59 /* SceneDelegate.swift in Sources */,
				4CAA048924947AD9002BCA7B /* EmojiArtExtensions.swift in Sources */,
				4C006A9724942598007A5D59 /* EmojiArt.swift in Sources */,
				4C006A852493E22A007A5D59 /* EmojiArtDocumentView.swift in Sources */,
				4CD980172498172600E724C6 /* OptionalImage.swift in Sources */,
				4CD9801924981CEE00E724C6 /* AnimatableSystemFontModifier.swift in Sources */,
				4C006A952493E861007A5D59 /* EmojiArtDocument.swift in Sources */,
			);
			runOnlyForDeploymentPostprocessing = 0;
		};
/* End PBXSourcesBuildPhase section */

/* Begin PBXVariantGroup section */
		4C006A8B2493E22C007A5D59 /* LaunchScreen.storyboard */ = {
			isa = PBXVariantGroup;
			children = (
				4C006A8C2493E22C007A5D59 /* Base */,
			);
			name = LaunchScreen.storyboard;
			sourceTree = "<group>";
		};
/* End PBXVariantGroup section */

/* Begin XCBuildConfiguration section */
		4C006A8F2493E22C007A5D59 /* Debug */ = {
			isa = XCBuildConfiguration;
			buildSettings = {
				ALWAYS_SEARCH_USER_PATHS = NO;
				CLANG_ANALYZER_NONNULL = YES;
				CLANG_ANALYZER_NUMBER_OBJECT_CONVERSION = YES_AGGRESSIVE;
				CLANG_CXX_LANGUAGE_STANDARD = "gnu++14";
				CLANG_CXX_LIBRARY = "libc++";
				CLANG_ENABLE_MODULES = YES;
				CLANG_ENABLE_OBJC_ARC = YES;
				CLANG_ENABLE_OBJC_WEAK = YES;
				CLANG_WARN_BLOCK_CAPTURE_AUTORELEASING = YES;
				CLANG_WARN_BOOL_CONVERSION = YES;
				CLANG_WARN_COMMA = YES;
				CLANG_WARN_CONSTANT_CONVERSION = YES;
				CLANG_WARN_DEPRECATED_OBJC_IMPLEMENTATIONS = YES;
				CLANG_WARN_DIRECT_OBJC_ISA_USAGE = YES_ERROR;
				CLANG_WARN_DOCUMENTATION_COMMENTS = YES;
				CLANG_WARN_EMPTY_BODY = YES;
				CLANG_WARN_ENUM_CONVERSION = YES;
				CLANG_WARN_INFINITE_RECURSION = YES;
				CLANG_WARN_INT_CONVERSION = YES;
				CLANG_WARN_NON_LITERAL_NULL_CONVERSION = YES;
				CLANG_WARN_OBJC_IMPLICIT_RETAIN_SELF = YES;
				CLANG_WARN_OBJC_LITERAL_CONVERSION = YES;
				CLANG_WARN_OBJC_ROOT_CLASS = YES_ERROR;
				CLANG_WARN_RANGE_LOOP_ANALYSIS = YES;
				CLANG_WARN_STRICT_PROTOTYPES = YES;
				CLANG_WARN_SUSPICIOUS_MOVE = YES;
				CLANG_WARN_UNGUARDED_AVAILABILITY = YES_AGGRESSIVE;
				CLANG_WARN_UNREACHABLE_CODE = YES;
				CLANG_WARN__DUPLICATE_METHOD_MATCH = YES;
				COPY_PHASE_STRIP = NO;
				DEBUG_INFORMATION_FORMAT = dwarf;
				ENABLE_STRICT_OBJC_MSGSEND = YES;
				ENABLE_TESTABILITY = YES;
				GCC_C_LANGUAGE_STANDARD = gnu11;
				GCC_DYNAMIC_NO_PIC = NO;
				GCC_NO_COMMON_BLOCKS = YES;
				GCC_OPTIMIZATION_LEVEL = 0;
				GCC_PREPROCESSOR_DEFINITIONS = (
					"DEBUG=1",
					"$(inherited)",
				);
				GCC_WARN_64_TO_32_BIT_CONVERSION = YES;
				GCC_WARN_ABOUT_RETURN_TYPE = YES_ERROR;
				GCC_WARN_UNDECLARED_SELECTOR = YES;
				GCC_WARN_UNINITIALIZED_AUTOS = YES_AGGRESSIVE;
				GCC_WARN_UNUSED_FUNCTION = YES;
				GCC_WARN_UNUSED_VARIABLE = YES;
				IPHONEOS_DEPLOYMENT_TARGET = 13.5;
				MTL_ENABLE_DEBUG_INFO = INCLUDE_SOURCE;
				MTL_FAST_MATH = YES;
				ONLY_ACTIVE_ARCH = YES;
				SDKROOT = iphoneos;
				SWIFT_ACTIVE_COMPILATION_CONDITIONS = DEBUG;
				SWIFT_OPTIMIZATION_LEVEL = "-Onone";
			};
			name = Debug;
		};
		4C006A902493E22C007A5D59 /* Release */ = {
			isa = XCBuildConfiguration;
			buildSettings = {
				ALWAYS_SEARCH_USER_PATHS = NO;
				CLANG_ANALYZER_NONNULL = YES;
				CLANG_ANALYZER_NUMBER_OBJECT_CONVERSION = YES_AGGRESSIVE;
				CLANG_CXX_LANGUAGE_STANDARD = "gnu++14";
				CLANG_CXX_LIBRARY = "libc++";
				CLANG_ENABLE_MODULES = YES;
				CLANG_ENABLE_OBJC_ARC = YES;
				CLANG_ENABLE_OBJC_WEAK = YES;
				CLANG_WARN_BLOCK_CAPTURE_AUTORELEASING = YES;
				CLANG_WARN_BOOL_CONVERSION = YES;
				CLANG_WARN_COMMA = YES;
				CLANG_WARN_CONSTANT_CONVERSION = YES;
				CLANG_WARN_DEPRECATED_OBJC_IMPLEMENTATIONS = YES;
				CLANG_WARN_DIRECT_OBJC_ISA_USAGE = YES_ERROR;
				CLANG_WARN_DOCUMENTATION_COMMENTS = YES;
				CLANG_WARN_EMPTY_BODY = YES;
				CLANG_WARN_ENUM_CONVERSION = YES;
				CLANG_WARN_INFINITE_RECURSION = YES;
				CLANG_WARN_INT_CONVERSION = YES;
				CLANG_WARN_NON_LITERAL_NULL_CONVERSION = YES;
				CLANG_WARN_OBJC_IMPLICIT_RETAIN_SELF = YES;
				CLANG_WARN_OBJC_LITERAL_CONVERSION = YES;
				CLANG_WARN_OBJC_ROOT_CLASS = YES_ERROR;
				CLANG_WARN_RANGE_LOOP_ANALYSIS = YES;
				CLANG_WARN_STRICT_PROTOTYPES = YES;
				CLANG_WARN_SUSPICIOUS_MOVE = YES;
				CLANG_WARN_UNGUARDED_AVAILABILITY = YES_AGGRESSIVE;
				CLANG_WARN_UNREACHABLE_CODE = YES;
				CLANG_WARN__DUPLICATE_METHOD_MATCH = YES;
				COPY_PHASE_STRIP = NO;
				DEBUG_INFORMATION_FORMAT = "dwarf-with-dsym";
				ENABLE_NS_ASSERTIONS = NO;
				ENABLE_STRICT_OBJC_MSGSEND = YES;
				GCC_C_LANGUAGE_STANDARD = gnu11;
				GCC_NO_COMMON_BLOCKS = YES;
				GCC_WARN_64_TO_32_BIT_CONVERSION = YES;
				GCC_WARN_ABOUT_RETURN_TYPE = YES_ERROR;
				GCC_WARN_UNDECLARED_SELECTOR = YES;
				GCC_WARN_UNINITIALIZED_AUTOS = YES_AGGRESSIVE;
				GCC_WARN_UNUSED_FUNCTION = YES;
				GCC_WARN_UNUSED_VARIABLE = YES;
				IPHONEOS_DEPLOYMENT_TARGET = 13.5;
				MTL_ENABLE_DEBUG_INFO = NO;
				MTL_FAST_MATH = YES;
				SDKROOT = iphoneos;
				SWIFT_COMPILATION_MODE = wholemodule;
				SWIFT_OPTIMIZATION_LEVEL = "-O";
				VALIDATE_PRODUCT = YES;
			};
			name = Release;
		};
		4C006A922493E22C007A5D59 /* Debug */ = {
			isa = XCBuildConfiguration;
			buildSettings = {
				ASSETCATALOG_COMPILER_APPICON_NAME = AppIcon;
				CODE_SIGN_STYLE = Automatic;
				DEVELOPMENT_ASSET_PATHS = "\"EmojiArt/Preview Content\"";
				DEVELOPMENT_TEAM = 8J256K8F59;
				ENABLE_PREVIEWS = YES;
				INFOPLIST_FILE = EmojiArt/Info.plist;
				LD_RUNPATH_SEARCH_PATHS = (
					"$(inherited)",
					"@executable_path/Frameworks",
				);
				PRODUCT_BUNDLE_IDENTIFIER = com.gmail.barrymartintx.EmojiArt;
				PRODUCT_NAME = "$(TARGET_NAME)";
				SWIFT_VERSION = 5.0;
				TARGETED_DEVICE_FAMILY = "1,2";
			};
			name = Debug;
		};
		4C006A932493E22C007A5D59 /* Release */ = {
			isa = XCBuildConfiguration;
			buildSettings = {
				ASSETCATALOG_COMPILER_APPICON_NAME = AppIcon;
				CODE_SIGN_STYLE = Automatic;
				DEVELOPMENT_ASSET_PATHS = "\"EmojiArt/Preview Content\"";
				DEVELOPMENT_TEAM = 8J256K8F59;
				ENABLE_PREVIEWS = YES;
				INFOPLIST_FILE = EmojiArt/Info.plist;
				LD_RUNPATH_SEARCH_PATHS = (
					"$(inherited)",
					"@executable_path/Frameworks",
				);
				PRODUCT_BUNDLE_IDENTIFIER = com.gmail.barrymartintx.EmojiArt;
				PRODUCT_NAME = "$(TARGET_NAME)";
				SWIFT_VERSION = 5.0;
				TARGETED_DEVICE_FAMILY = "1,2";
			};
			name = Release;
		};
/* End XCBuildConfiguration section */

/* Begin XCConfigurationList section */
		4C006A782493E22A007A5D59 /* Build configuration list for PBXProject "EmojiArt" */ = {
			isa = XCConfigurationList;
			buildConfigurations = (
				4C006A8F2493E22C007A5D59 /* Debug */,
				4C006A902493E22C007A5D59 /* Release */,
			);
			defaultConfigurationIsVisible = 0;
			defaultConfigurationName = Release;
		};
		4C006A912493E22C007A5D59 /* Build configuration list for PBXNativeTarget "EmojiArt" */ = {
			isa = XCConfigurationList;
			buildConfigurations = (
				4C006A922493E22C007A5D59 /* Debug */,
				4C006A932493E22C007A5D59 /* Release */,
			);
			defaultConfigurationIsVisible = 0;
			defaultConfigurationName = Release;
		};
/* End XCConfigurationList section */
	};
	rootObject = 4C006A752493E22A007A5D59 /* Project object */;
}
